
Microsoft Visual Studio Solution File, Format Version 10.00
# Visual Studio 2008
Project("{FAE04EC0-301F-11D3-BF4B-00C04F79EFBC}") = "Markusson", "src\Markusson\Markusson.csproj", "{809B14FC-9F1D-4C27-9BCC-61B70B97C73F}"
EndProject
Global
	GlobalSection(SolutionConfigurationPlatforms) = preSolution
		Debug|Any CPU = Debug|Any CPU
		Release|Any CPU = Release|Any CPU
	EndGlobalSection
	GlobalSection(ProjectConfigurationPlatforms) = postSolution
		{809B14FC-9F1D-4C27-9BCC-61B70B97C73F}.Debug|Any CPU.ActiveCfg = Debug|Any CPU
		{809B14FC-9F1D-4C27-9BCC-61B70B97C73F}.Debug|Any CPU.Build.0 = Debug|Any CPU
		{809B14FC-9F1D-4C27-9BCC-61B70B97C73F}.Release|Any CPU.ActiveCfg = Release|Any CPU
		{809B14FC-9F1D-4C27-9BCC-61B70B97C73F}.Release|Any CPU.Build.0 = Release|Any CPU
	EndGlobalSection
	GlobalSection(SolutionProperties) = preSolution
		HideSolutionNode = FALSE
	EndGlobalSection
EndGlobal
